
Microsoft Visual Studio Solution File, Format Version 12.00
# Visual Studio Version 17
VisualStudioVersion = 17.10.34928.147
MinimumVisualStudioVersion = 10.0.40219.1
Project("{FAE04EC0-301F-11D3-BF4B-00C04F79EFBC}") = "BookYourStay.Web", "BookYourStay.Web\BookYourStay.Web.csproj", "{B19BF1A9-2B6A-48B6-B503-132A6441F592}"
EndProject
Global
	GlobalSection(SolutionConfigurationPlatforms) = preSolution
		Debug|Any CPU = Debug|Any CPU
		Release|Any CPU = Release|Any CPU
	EndGlobalSection
	GlobalSection(ProjectConfigurationPlatforms) = postSolution
		{B19BF1A9-2B6A-48B6-B503-132A6441F592}.Debug|Any CPU.ActiveCfg = Debug|Any CPU
		{B19BF1A9-2B6A-48B6-B503-132A6441F592}.Debug|Any CPU.Build.0 = Debug|Any CPU
		{B19BF1A9-2B6A-48B6-B503-132A6441F592}.Release|Any CPU.ActiveCfg = Release|Any CPU
		{B19BF1A9-2B6A-48B6-B503-132A6441F592}.Release|Any CPU.Build.0 = Release|Any CPU
	EndGlobalSection
	GlobalSection(SolutionProperties) = preSolution
		HideSolutionNode = FALSE
	EndGlobalSection
	GlobalSection(ExtensibilityGlobals) = postSolution
		SolutionGuid = {C19BB56F-D109-4331-9EBC-2F1019E1A0B5}
	EndGlobalSection
EndGlobal
